
Microsoft Visual Studio Solution File, Format Version 12.00
# Visual Studio Version 17
VisualStudioVersion = 17.14.36518.9 d17.14
MinimumVisualStudioVersion = 10.0.40219.1
Project("{8BC9CEB8-8B4A-11D0-8D11-00A0C91BC942}") = "Project34", "Project34.vcxproj", "{584248BC-748B-4502-B1FD-4F22B8D84021}"
EndProject
Global
	GlobalSection(SolutionConfigurationPlatforms) = preSolution
		Debug|x64 = Debug|x64
		Debug|x86 = Debug|x86
		Release|x64 = Release|x64
		Release|x86 = Release|x86
	EndGlobalSection
	GlobalSection(ProjectConfigurationPlatforms) = postSolution
		{584248BC-748B-4502-B1FD-4F22B8D84021}.Debug|x64.ActiveCfg = Debug|x64
		{584248BC-748B-4502-B1FD-4F22B8D84021}.Debug|x64.Build.0 = Debug|x64
		{584248BC-748B-4502-B1FD-4F22B8D84021}.Debug|x86.ActiveCfg = Debug|Win32
		{584248BC-748B-4502-B1FD-4F22B8D84021}.Debug|x86.Build.0 = Debug|Win32
		{584248BC-748B-4502-B1FD-4F22B8D84021}.Release|x64.ActiveCfg = Release|x64
		{584248BC-748B-4502-B1FD-4F22B8D84021}.Release|x64.Build.0 = Release|x64
		{584248BC-748B-4502-B1FD-4F22B8D84021}.Release|x86.ActiveCfg = Release|Win32
		{584248BC-748B-4502-B1FD-4F22B8D84021}.Release|x86.Build.0 = Release|Win32
	EndGlobalSection
	GlobalSection(SolutionProperties) = preSolution
		HideSolutionNode = FALSE
	EndGlobalSection
	GlobalSection(ExtensibilityGlobals) = postSolution
		SolutionGuid = {57241C17-3DC1-488B-B6C9-9C99E7FD16CF}
	EndGlobalSection
EndGlobal
